// !$*UTF8*$!
{
	archiveVersion = 1;
	classes = {
	};
	objectVersion = 46;
	objects = {

/* Begin PBXBuildFile section */
		B90273801BD93A0100586578 /* PresentModalViewController.swift in Sources */ = {isa = PBXBuildFile; fileRef = B902737F1BD93A0100586578 /* PresentModalViewController.swift */; settings = {ASSET_TAGS = (); }; };
		CE66D5A219C6860100CAE2F7 /* PushViewController.swift in Sources */ = {isa = PBXBuildFile; fileRef = CE66D5A119C6860100CAE2F7 /* PushViewController.swift */; };
		CE7F1C6E19C77860002296C7 /* PopperViewController.swift in Sources */ = {isa = PBXBuildFile; fileRef = CE7F1C6D19C77860002296C7 /* PopperViewController.swift */; };
		CEF496EE19C669F2004E2EB5 /* AppDelegate.swift in Sources */ = {isa = PBXBuildFile; fileRef = CEF496ED19C669F2004E2EB5 /* AppDelegate.swift */; };
		CEF496F019C669F2004E2EB5 /* FirstViewController.swift in Sources */ = {isa = PBXBuildFile; fileRef = CEF496EF19C669F2004E2EB5 /* FirstViewController.swift */; };
		CEF496F519C669F2004E2EB5 /* Main.storyboard in Resources */ = {isa = PBXBuildFile; fileRef = CEF496F319C669F2004E2EB5 /* Main.storyboard */; };
		CEF496F719C669F2004E2EB5 /* Images.xcassets in Resources */ = {isa = PBXBuildFile; fileRef = CEF496F619C669F2004E2EB5 /* Images.xcassets */; };
		CEF496FA19C669F2004E2EB5 /* LaunchScreen.xib in Resources */ = {isa = PBXBuildFile; fileRef = CEF496F819C669F2004E2EB5 /* LaunchScreen.xib */; };
		CEF4970619C669F2004E2EB5 /* PoppingTests.swift in Sources */ = {isa = PBXBuildFile; fileRef = CEF4970519C669F2004E2EB5 /* PoppingTests.swift */; };
		CEF4971019C66C05004E2EB5 /* TransitionPicker.swift in Sources */ = {isa = PBXBuildFile; fileRef = CEF4970F19C66C05004E2EB5 /* TransitionPicker.swift */; };
		CEF4971219C66FCD004E2EB5 /* PopViewController.swift in Sources */ = {isa = PBXBuildFile; fileRef = CEF4971119C66FCD004E2EB5 /* PopViewController.swift */; };
/* End PBXBuildFile section */

/* Begin PBXContainerItemProxy section */
		CEF4970019C669F2004E2EB5 /* PBXContainerItemProxy */ = {
			isa = PBXContainerItemProxy;
			containerPortal = CEF496E019C669F2004E2EB5 /* Project object */;
			proxyType = 1;
			remoteGlobalIDString = CEF496E719C669F2004E2EB5;
			remoteInfo = Popping;
		};
/* End PBXContainerItemProxy section */

/* Begin PBXFileReference section */
		B902737F1BD93A0100586578 /* PresentModalViewController.swift */ = {isa = PBXFileReference; fileEncoding = 4; lastKnownFileType = sourcecode.swift; path = PresentModalViewController.swift; sourceTree = "<group>"; };
		CE66D5A119C6860100CAE2F7 /* PushViewController.swift */ = {isa = PBXFileReference; fileEncoding = 4; lastKnownFileType = sourcecode.swift; path = PushViewController.swift; sourceTree = "<group>"; };
		CE7F1C6D19C77860002296C7 /* PopperViewController.swift */ = {isa = PBXFileReference; fileEncoding = 4; lastKnownFileType = sourcecode.swift; path = PopperViewController.swift; sourceTree = "<group>"; };
		CEF496E819C669F2004E2EB5 /* Popping.app */ = {isa = PBXFileReference; explicitFileType = wrapper.application; includeInIndex = 0; path = Popping.app; sourceTree = BUILT_PRODUCTS_DIR; };
		CEF496EC19C669F2004E2EB5 /* Info.plist */ = {isa = PBXFileReference; lastKnownFileType = text.plist.xml; path = Info.plist; sourceTree = "<group>"; };
		CEF496ED19C669F2004E2EB5 /* AppDelegate.swift */ = {isa = PBXFileReference; lastKnownFileType = sourcecode.swift; path = AppDelegate.swift; sourceTree = "<group>"; };
		CEF496EF19C669F2004E2EB5 /* FirstViewController.swift */ = {isa = PBXFileReference; lastKnownFileType = sourcecode.swift; path = FirstViewController.swift; sourceTree = "<group>"; };
		CEF496F419C669F2004E2EB5 /* Base */ = {isa = PBXFileReference; lastKnownFileType = file.storyboard; name = Base; path = Base.lproj/Main.storyboard; sourceTree = "<group>"; };
		CEF496F619C669F2004E2EB5 /* Images.xcassets */ = {isa = PBXFileReference; lastKnownFileType = folder.assetcatalog; path = Images.xcassets; sourceTree = "<group>"; };
		CEF496F919C669F2004E2EB5 /* Base */ = {isa = PBXFileReference; lastKnownFileType = file.xib; name = Base; path = Base.lproj/LaunchScreen.xib; sourceTree = "<group>"; };
		CEF496FF19C669F2004E2EB5 /* PoppingTests.xctest */ = {isa = PBXFileReference; explicitFileType = wrapper.cfbundle; includeInIndex = 0; path = PoppingTests.xctest; sourceTree = BUILT_PRODUCTS_DIR; };
		CEF4970419C669F2004E2EB5 /* Info.plist */ = {isa = PBXFileReference; lastKnownFileType = text.plist.xml; path = Info.plist; sourceTree = "<group>"; };
		CEF4970519C669F2004E2EB5 /* PoppingTests.swift */ = {isa = PBXFileReference; lastKnownFileType = sourcecode.swift; path = PoppingTests.swift; sourceTree = "<group>"; };
		CEF4970F19C66C05004E2EB5 /* TransitionPicker.swift */ = {isa = PBXFileReference; fileEncoding = 4; lastKnownFileType = sourcecode.swift; path = TransitionPicker.swift; sourceTree = "<group>"; };
		CEF4971119C66FCD004E2EB5 /* PopViewController.swift */ = {isa = PBXFileReference; fileEncoding = 4; lastKnownFileType = sourcecode.swift; path = PopViewController.swift; sourceTree = "<group>"; };
/* End PBXFileReference section */

/* Begin PBXFrameworksBuildPhase section */
		CEF496E519C669F2004E2EB5 /* Frameworks */ = {
			isa = PBXFrameworksBuildPhase;
			buildActionMask = 2147483647;
			files = (
			);
			runOnlyForDeploymentPostprocessing = 0;
		};
		CEF496FC19C669F2004E2EB5 /* Frameworks */ = {
			isa = PBXFrameworksBuildPhase;
			buildActionMask = 2147483647;
			files = (
			);
			runOnlyForDeploymentPostprocessing = 0;
		};
/* End PBXFrameworksBuildPhase section */

/* Begin PBXGroup section */
		CEF496DF19C669F2004E2EB5 = {
			isa = PBXGroup;
			children = (
				CEF496EA19C669F2004E2EB5 /* Popping */,
				CEF4970219C669F2004E2EB5 /* PoppingTests */,
				CEF496E919C669F2004E2EB5 /* Products */,
			);
			sourceTree = "<group>";
		};
		CEF496E919C669F2004E2EB5 /* Products */ = {
			isa = PBXGroup;
			children = (
				CEF496E819C669F2004E2EB5 /* Popping.app */,
				CEF496FF19C669F2004E2EB5 /* PoppingTests.xctest */,
			);
			name = Products;
			sourceTree = "<group>";
		};
		CEF496EA19C669F2004E2EB5 /* Popping */ = {
			isa = PBXGroup;
			children = (
				CEF496ED19C669F2004E2EB5 /* AppDelegate.swift */,
				CEF496EF19C669F2004E2EB5 /* FirstViewController.swift */,
				CEF496F319C669F2004E2EB5 /* Main.storyboard */,
				CEF496F619C669F2004E2EB5 /* Images.xcassets */,
				CEF496F819C669F2004E2EB5 /* LaunchScreen.xib */,
				CEF496EB19C669F2004E2EB5 /* Supporting Files */,
				CEF4970F19C66C05004E2EB5 /* TransitionPicker.swift */,
				CEF4971119C66FCD004E2EB5 /* PopViewController.swift */,
				CE66D5A119C6860100CAE2F7 /* PushViewController.swift */,
				CE7F1C6D19C77860002296C7 /* PopperViewController.swift */,
				B902737F1BD93A0100586578 /* PresentModalViewController.swift */,
			);
			path = Popping;
			sourceTree = "<group>";
		};
		CEF496EB19C669F2004E2EB5 /* Supporting Files */ = {
			isa = PBXGroup;
			children = (
				CEF496EC19C669F2004E2EB5 /* Info.plist */,
			);
			name = "Supporting Files";
			sourceTree = "<group>";
		};
		CEF4970219C669F2004E2EB5 /* PoppingTests */ = {
			isa = PBXGroup;
			children = (
				CEF4970519C669F2004E2EB5 /* PoppingTests.swift */,
				CEF4970319C669F2004E2EB5 /* Supporting Files */,
			);
			path = PoppingTests;
			sourceTree = "<group>";
		};
		CEF4970319C669F2004E2EB5 /* Supporting Files */ = {
			isa = PBXGroup;
			children = (
				CEF4970419C669F2004E2EB5 /* Info.plist */,
			);
			name = "Supporting Files";
			sourceTree = "<group>";
		};
/* End PBXGroup section */

/* Begin PBXNativeTarget section */
		CEF496E719C669F2004E2EB5 /* Popping */ = {
			isa = PBXNativeTarget;
			buildConfigurationList = CEF4970919C669F2004E2EB5 /* Build configuration list for PBXNativeTarget "Popping" */;
			buildPhases = (
				CEF496E419C669F2004E2EB5 /* Sources */,
				CEF496E519C669F2004E2EB5 /* Frameworks */,
				CEF496E619C669F2004E2EB5 /* Resources */,
			);
			buildRules = (
			);
			dependencies = (
			);
			name = Popping;
			productName = Popping;
			productReference = CEF496E819C669F2004E2EB5 /* Popping.app */;
			productType = "com.apple.product-type.application";
		};
		CEF496FE19C669F2004E2EB5 /* PoppingTests */ = {
			isa = PBXNativeTarget;
			buildConfigurationList = CEF4970C19C669F2004E2EB5 /* Build configuration list for PBXNativeTarget "PoppingTests" */;
			buildPhases = (
				CEF496FB19C669F2004E2EB5 /* Sources */,
				CEF496FC19C669F2004E2EB5 /* Frameworks */,
				CEF496FD19C669F2004E2EB5 /* Resources */,
			);
			buildRules = (
			);
			dependencies = (
				CEF4970119C669F2004E2EB5 /* PBXTargetDependency */,
			);
			name = PoppingTests;
			productName = PoppingTests;
			productReference = CEF496FF19C669F2004E2EB5 /* PoppingTests.xctest */;
			productType = "com.apple.product-type.bundle.unit-test";
		};
/* End PBXNativeTarget section */

/* Begin PBXProject section */
		CEF496E019C669F2004E2EB5 /* Project object */ = {
			isa = PBXProject;
			attributes = {
				LastSwiftMigration = 0700;
				LastSwiftUpdateCheck = 0700;
				LastUpgradeCheck = 0700;
				ORGANIZATIONNAME = CraigGrummitt;
				TargetAttributes = {
					CEF496E719C669F2004E2EB5 = {
						CreatedOnToolsVersion = 6.0;
					};
					CEF496FE19C669F2004E2EB5 = {
						CreatedOnToolsVersion = 6.0;
						TestTargetID = CEF496E719C669F2004E2EB5;
					};
				};
			};
			buildConfigurationList = CEF496E319C669F2004E2EB5 /* Build configuration list for PBXProject "Popping" */;
			compatibilityVersion = "Xcode 3.2";
			developmentRegion = English;
			hasScannedForEncodings = 0;
			knownRegions = (
				en,
				Base,
			);
			mainGroup = CEF496DF19C669F2004E2EB5;
			productRefGroup = CEF496E919C669F2004E2EB5 /* Products */;
			projectDirPath = "";
			projectRoot = "";
			targets = (
				CEF496E719C669F2004E2EB5 /* Popping */,
				CEF496FE19C669F2004E2EB5 /* PoppingTests */,
			);
		};
/* End PBXProject section */

/* Begin PBXResourcesBuildPhase section */
		CEF496E619C669F2004E2EB5 /* Resources */ = {
			isa = PBXResourcesBuildPhase;
			buildActionMask = 2147483647;
			files = (
				CEF496F519C669F2004E2EB5 /* Main.storyboard in Resources */,
				CEF496FA19C669F2004E2EB5 /* LaunchScreen.xib in Resources */,
				CEF496F719C669F2004E2EB5 /* Images.xcassets in Resources */,
			);
			runOnlyForDeploymentPostprocessing = 0;
		};
		CEF496FD19C669F2004E2EB5 /* Resources */ = {
			isa = PBXResourcesBuildPhase;
			buildActionMask = 2147483647;
			files = (
			);
			runOnlyForDeploymentPostprocessing = 0;
		};
/* End PBXResourcesBuildPhase section */

/* Begin PBXSourcesBuildPhase section */
		CEF496E419C669F2004E2EB5 /* Sources */ = {
			isa = PBXSourcesBuildPhase;
			buildActionMask = 2147483647;
			files = (
				B90273801BD93A0100586578 /* PresentModalViewController.swift in Sources */,
				CE7F1C6E19C77860002296C7 /* PopperViewController.swift in Sources */,
				CEF496EE19C669F2004E2EB5 /* AppDelegate.swift in Sources */,
				CE66D5A219C6860100CAE2F7 /* PushViewController.swift in Sources */,
				CEF4971219C66FCD004E2EB5 /* PopViewController.swift in Sources */,
				CEF4971019C66C05004E2EB5 /* TransitionPicker.swift in Sources */,
				CEF496F019C669F2004E2EB5 /* FirstViewController.swift in Sources */,
			);
			runOnlyForDeploymentPostprocessing = 0;
		};
		CEF496FB19C669F2004E2EB5 /* Sources */ = {
			isa = PBXSourcesBuildPhase;
			buildActionMask = 2147483647;
			files = (
				CEF4970619C669F2004E2EB5 /* PoppingTests.swift in Sources */,
			);
			runOnlyForDeploymentPostprocessing = 0;
		};
/* End PBXSourcesBuildPhase section */

/* Begin PBXTargetDependency section */
		CEF4970119C669F2004E2EB5 /* PBXTargetDependency */ = {
			isa = PBXTargetDependency;
			target = CEF496E719C669F2004E2EB5 /* Popping */;
			targetProxy = CEF4970019C669F2004E2EB5 /* PBXContainerItemProxy */;
		};
/* End PBXTargetDependency section */

/* Begin PBXVariantGroup section */
		CEF496F319C669F2004E2EB5 /* Main.storyboard */ = {
			isa = PBXVariantGroup;
			children = (
				CEF496F419C669F2004E2EB5 /* Base */,
			);
			name = Main.storyboard;
			sourceTree = "<group>";
		};
		CEF496F819C669F2004E2EB5 /* LaunchScreen.xib */ = {
			isa = PBXVariantGroup;
			children = (
				CEF496F919C669F2004E2EB5 /* Base */,
			);
			name = LaunchScreen.xib;
			sourceTree = "<group>";
		};
/* End PBXVariantGroup section */

/* Begin XCBuildConfiguration section */
		CEF4970719C669F2004E2EB5 /* Debug */ = {
			isa = XCBuildConfiguration;
			buildSettings = {
				ALWAYS_SEARCH_USER_PATHS = NO;
				CLANG_CXX_LANGUAGE_STANDARD = "gnu++0x";
				CLANG_CXX_LIBRARY = "libc++";
				CLANG_ENABLE_MODULES = YES;
				CLANG_ENABLE_OBJC_ARC = YES;
				CLANG_WARN_BOOL_CONVERSION = YES;
				CLANG_WARN_CONSTANT_CONVERSION = YES;
				CLANG_WARN_DIRECT_OBJC_ISA_USAGE = YES_ERROR;
				CLANG_WARN_EMPTY_BODY = YES;
				CLANG_WARN_ENUM_CONVERSION = YES;
				CLANG_WARN_INT_CONVERSION = YES;
				CLANG_WARN_OBJC_ROOT_CLASS = YES_ERROR;
				CLANG_WARN_UNREACHABLE_CODE = YES;
				CLANG_WARN__DUPLICATE_METHOD_MATCH = YES;
				"CODE_SIGN_IDENTITY[sdk=iphoneos*]" = "iPhone Developer";
				COPY_PHASE_STRIP = NO;
				ENABLE_STRICT_OBJC_MSGSEND = YES;
				ENABLE_TESTABILITY = YES;
				GCC_C_LANGUAGE_STANDARD = gnu99;
				GCC_DYNAMIC_NO_PIC = NO;
				GCC_OPTIMIZATION_LEVEL = 0;
				GCC_PREPROCESSOR_DEFINITIONS = (
					"DEBUG=1",
					"$(inherited)",
				);
				GCC_SYMBOLS_PRIVATE_EXTERN = NO;
				GCC_WARN_64_TO_32_BIT_CONVERSION = YES;
				GCC_WARN_ABOUT_RETURN_TYPE = YES_ERROR;
				GCC_WARN_UNDECLARED_SELECTOR = YES;
				GCC_WARN_UNINITIALIZED_AUTOS = YES_AGGRESSIVE;
				GCC_WARN_UNUSED_FUNCTION = YES;
				GCC_WARN_UNUSED_VARIABLE = YES;
				IPHONEOS_DEPLOYMENT_TARGET = 8.0;
				MTL_ENABLE_DEBUG_INFO = YES;
				ONLY_ACTIVE_ARCH = YES;
				SDKROOT = iphoneos;
				SWIFT_OBJC_BRIDGING_HEADER = "";
				SWIFT_OPTIMIZATION_LEVEL = "-Onone";
				TARGETED_DEVICE_FAMILY = "1,2";
			};
			name = Debug;
		};
		CEF4970819C669F2004E2EB5 /* Release */ = {
			isa = XCBuildConfiguration;
			buildSettings = {
				ALWAYS_SEARCH_USER_PATHS = NO;
				CLANG_CXX_LANGUAGE_STANDARD = "gnu++0x";
				CLANG_CXX_LIBRARY = "libc++";
				CLANG_ENABLE_MODULES = YES;
				CLANG_ENABLE_OBJC_ARC = YES;
				CLANG_WARN_BOOL_CONVERSION = YES;
				CLANG_WARN_CONSTANT_CONVERSION = YES;
				CLANG_WARN_DIRECT_OBJC_ISA_USAGE = YES_ERROR;
				CLANG_WARN_EMPTY_BODY = YES;
				CLANG_WARN_ENUM_CONVERSION = YES;
				CLANG_WARN_INT_CONVERSION = YES;
				CLANG_WARN_OBJC_ROOT_CLASS = YES_ERROR;
				CLANG_WARN_UNREACHABLE_CODE = YES;
				CLANG_WARN__DUPLICATE_METHOD_MATCH = YES;
				"CODE_SIGN_IDENTITY[sdk=iphoneos*]" = "iPhone Developer";
				COPY_PHASE_STRIP = YES;
				ENABLE_NS_ASSERTIONS = NO;
				ENABLE_STRICT_OBJC_MSGSEND = YES;
				GCC_C_LANGUAGE_STANDARD = gnu99;
				GCC_WARN_64_TO_32_BIT_CONVERSION = YES;
				GCC_WARN_ABOUT_RETURN_TYPE = YES_ERROR;
				GCC_WARN_UNDECLARED_SELECTOR = YES;
				GCC_WARN_UNINITIALIZED_AUTOS = YES_AGGRESSIVE;
				GCC_WARN_UNUSED_FUNCTION = YES;
				GCC_WARN_UNUSED_VARIABLE = YES;
				IPHONEOS_DEPLOYMENT_TARGET = 8.0;
				MTL_ENABLE_DEBUG_INFO = NO;
				SDKROOT = iphoneos;
				SWIFT_OBJC_BRIDGING_HEADER = "";
				TARGETED_DEVICE_FAMILY = "1,2";
				VALIDATE_PRODUCT = YES;
			};
			name = Release;
		};
		CEF4970A19C669F2004E2EB5 /* Debug */ = {
			isa = XCBuildConfiguration;
			buildSettings = {
				ASSETCATALOG_COMPILER_APPICON_NAME = AppIcon;
				INFOPLIST_FILE = Popping/Info.plist;
				LD_RUNPATH_SEARCH_PATHS = "$(inherited) @executable_path/Frameworks";
				PRODUCT_BUNDLE_IDENTIFIER = "com.interactivecoconut.$(PRODUCT_NAME:rfc1034identifier)";
				PRODUCT_NAME = "$(TARGET_NAME)";
			};
			name = Debug;
		};
		CEF4970B19C669F2004E2EB5 /* Release */ = {
			isa = XCBuildConfiguration;
			buildSettings = {
				ASSETCATALOG_COMPILER_APPICON_NAME = AppIcon;
				INFOPLIST_FILE = Popping/Info.plist;
				LD_RUNPATH_SEARCH_PATHS = "$(inherited) @executable_path/Frameworks";
				PRODUCT_BUNDLE_IDENTIFIER = "com.interactivecoconut.$(PRODUCT_NAME:rfc1034identifier)";
				PRODUCT_NAME = "$(TARGET_NAME)";
			};
			name = Release;
		};
		CEF4970D19C669F2004E2EB5 /* Debug */ = {
			isa = XCBuildConfiguration;
			buildSettings = {
				BUNDLE_LOADER = "$(TEST_HOST)";
				FRAMEWORK_SEARCH_PATHS = (
					"$(SDKROOT)/Developer/Library/Frameworks",
					"$(inherited)",
				);
				GCC_PREPROCESSOR_DEFINITIONS = (
					"DEBUG=1",
					"$(inherited)",
				);
				INFOPLIST_FILE = PoppingTests/Info.plist;
				LD_RUNPATH_SEARCH_PATHS = "$(inherited) @executable_path/Frameworks @loader_path/Frameworks";
				PRODUCT_BUNDLE_IDENTIFIER = "com.interactivecoconut.$(PRODUCT_NAME:rfc1034identifier)";
				PRODUCT_NAME = "$(TARGET_NAME)";
				TEST_HOST = "$(BUILT_PRODUCTS_DIR)/Popping.app/Popping";
			};
			name = Debug;
		};
		CEF4970E19C669F2004E2EB5 /* Release */ = {
			isa = XCBuildConfiguration;
			buildSettings = {
				BUNDLE_LOADER = "$(TEST_HOST)";
				FRAMEWORK_SEARCH_PATHS = (
					"$(SDKROOT)/Developer/Library/Frameworks",
					"$(inherited)",
				);
				INFOPLIST_FILE = PoppingTests/Info.plist;
				LD_RUNPATH_SEARCH_PATHS = "$(inherited) @executable_path/Frameworks @loader_path/Frameworks";
				PRODUCT_BUNDLE_IDENTIFIER = "com.interactivecoconut.$(PRODUCT_NAME:rfc1034identifier)";
				PRODUCT_NAME = "$(TARGET_NAME)";
				TEST_HOST = "$(BUILT_PRODUCTS_DIR)/Popping.app/Popping";
			};
			name = Release;
		};
/* End XCBuildConfiguration section */

/* Begin XCConfigurationList section */
		CEF496E319C669F2004E2EB5 /* Build configuration list for PBXProject "Popping" */ = {
			isa = XCConfigurationList;
			buildConfigurations = (
				CEF4970719C669F2004E2EB5 /* Debug */,
				CEF4970819C669F2004E2EB5 /* Release */,
			);
			defaultConfigurationIsVisible = 0;
			defaultConfigurationName = Release;
		};
		CEF4970919C669F2004E2EB5 /* Build configuration list for PBXNativeTarget "Popping" */ = {
			isa = XCConfigurationList;
			buildConfigurations = (
				CEF4970A19C669F2004E2EB5 /* Debug */,
				CEF4970B19C669F2004E2EB5 /* Release */,
			);
			defaultConfigurationIsVisible = 0;
			defaultConfigurationName = Release;
		};
		CEF4970C19C669F2004E2EB5 /* Build configuration list for PBXNativeTarget "PoppingTests" */ = {
			isa = XCConfigurationList;
			buildConfigurations = (
				CEF4970D19C669F2004E2EB5 /* Debug */,
				CEF4970E19C669F2004E2EB5 /* Release */,
			);
			defaultConfigurationIsVisible = 0;
			defaultConfigurationName = Release;
		};
/* End XCConfigurationList section */
	};
	rootObject = CEF496E019C669F2004E2EB5 /* Project object */;
}
